
Microsoft Visual Studio Solution File, Format Version 12.00
# Visual Studio Version 17
VisualStudioVersion = 17.6.33712.159
MinimumVisualStudioVersion = 10.0.40219.1
Project("{FAE04EC0-301F-11D3-BF4B-00C04F79EFBC}") = "ParseJsonTrelloToHtmlTable", "ParseJsonTrelloToHtmlTable\ParseJsonTrelloToHtmlTable.csproj", "{71B6F14A-D7D4-44E7-A8C3-02302BAA779C}"
EndProject
Global
	GlobalSection(SolutionConfigurationPlatforms) = preSolution
		Debug|Any CPU = Debug|Any CPU
		Release|Any CPU = Release|Any CPU
	EndGlobalSection
	GlobalSection(ProjectConfigurationPlatforms) = postSolution
		{71B6F14A-D7D4-44E7-A8C3-02302BAA779C}.Debug|Any CPU.ActiveCfg = Debug|Any CPU
		{71B6F14A-D7D4-44E7-A8C3-02302BAA779C}.Debug|Any CPU.Build.0 = Debug|Any CPU
		{71B6F14A-D7D4-44E7-A8C3-02302BAA779C}.Release|Any CPU.ActiveCfg = Release|Any CPU
		{71B6F14A-D7D4-44E7-A8C3-02302BAA779C}.Release|Any CPU.Build.0 = Release|Any CPU
	EndGlobalSection
	GlobalSection(SolutionProperties) = preSolution
		HideSolutionNode = FALSE
	EndGlobalSection
	GlobalSection(ExtensibilityGlobals) = postSolution
		SolutionGuid = {FD4D00B4-619A-4185-B064-71CAC64A7F3C}
	EndGlobalSection
EndGlobal
